
Microsoft Visual Studio Solution File, Format Version 12.00
# Visual Studio Version 17
VisualStudioVersion = 17.7.34221.43
MinimumVisualStudioVersion = 10.0.40219.1
Project("{8BC9CEB8-8B4A-11D0-8D11-00A0C91BC942}") = "ConsoleApplication6", "ConsoleApplication6.vcxproj", "{171F0622-2B2C-4A77-B236-23434626BEFB}"
EndProject
Global
	GlobalSection(SolutionConfigurationPlatforms) = preSolution
		Debug|x64 = Debug|x64
		Debug|x86 = Debug|x86
		Release|x64 = Release|x64
		Release|x86 = Release|x86
	EndGlobalSection
	GlobalSection(ProjectConfigurationPlatforms) = postSolution
		{171F0622-2B2C-4A77-B236-23434626BEFB}.Debug|x64.ActiveCfg = Debug|x64
		{171F0622-2B2C-4A77-B236-23434626BEFB}.Debug|x64.Build.0 = Debug|x64
		{171F0622-2B2C-4A77-B236-23434626BEFB}.Debug|x86.ActiveCfg = Debug|Win32
		{171F0622-2B2C-4A77-B236-23434626BEFB}.Debug|x86.Build.0 = Debug|Win32
		{171F0622-2B2C-4A77-B236-23434626BEFB}.Release|x64.ActiveCfg = Release|x64
		{171F0622-2B2C-4A77-B236-23434626BEFB}.Release|x64.Build.0 = Release|x64
		{171F0622-2B2C-4A77-B236-23434626BEFB}.Release|x86.ActiveCfg = Release|Win32
		{171F0622-2B2C-4A77-B236-23434626BEFB}.Release|x86.Build.0 = Release|Win32
	EndGlobalSection
	GlobalSection(SolutionProperties) = preSolution
		HideSolutionNode = FALSE
	EndGlobalSection
	GlobalSection(ExtensibilityGlobals) = postSolution
		SolutionGuid = {B8632F66-E855-4209-9E98-5FE4894D096A}
	EndGlobalSection
EndGlobal
